# This file is generated by running "yarn install" inside your project.
# Manual changes might be lost - proceed with caution!

__metadata:
  version: 6
  cacheKey: 8

"raon@workspace:.":
  version: 0.0.0-use.local
  resolution: "raon@workspace:."
  dependencies:
    typescript: ^5.3.3
  languageName: unknown
  linkType: soft

"typescript@npm:^5.3.3":
  version: 5.5.2
  resolution: "typescript@npm:5.5.2"
  bin:
    tsc: bin/tsc
    tsserver: bin/tsserver
  checksum: 9c5a7982dadcb2d38d129c575dd38645ae11588ae0d4a12852fb04482bbc5a1660b2371e48fd5b33b6b605cc57cefe777670054546856945a05e77bd22c8c2cd
  languageName: node
  linkType: hard

"typescript@patch:typescript@^5.3.3#~builtin<compat/typescript>":
  version: 5.5.2
  resolution: "typescript@patch:typescript@npm%3A5.5.2#~builtin<compat/typescript>::version=5.5.2&hash=14eedb"
  bin:
    tsc: bin/tsc
    tsserver: bin/tsserver
  checksum: 9d89bac0de650e15d6846485f238d1e65f1013f2c260d9e53e86a1da6ecf8109d9fad9402575c5c36a6592dc5d4370db090e12971c8630ae84453654baabb6b4
  languageName: node
  linkType: hard
