# This file is generated by running "yarn install" inside your project.
# Manual changes might be lost - proceed with caution!

__metadata:
  version: 8
  cacheKey: 10

"raon@workspace:.":
  version: 0.0.0-use.local
  resolution: "raon@workspace:."
  dependencies:
    typescript: "npm:^5.5.4"
  languageName: unknown
  linkType: soft

"typescript@npm:^5.5.4":
  version: 5.5.4
  resolution: "typescript@npm:5.5.4"
  bin:
    tsc: bin/tsc
    tsserver: bin/tsserver
  checksum: 10/1689ccafef894825481fc3d856b4834ba3cc185a9c2878f3c76a9a1ef81af04194849840f3c69e7961e2312771471bb3b460ca92561e1d87599b26c37d0ffb6f
  languageName: node
  linkType: hard

"typescript@patch:typescript@npm%3A^5.5.4#optional!builtin<compat/typescript>":
  version: 5.5.4
  resolution: "typescript@patch:typescript@npm%3A5.5.4#optional!builtin<compat/typescript>::version=5.5.4&hash=379a07"
  bin:
    tsc: bin/tsc
    tsserver: bin/tsserver
  checksum: 10/746fdd0865c5ce4f15e494c57ede03a9e12ede59cfdb40da3a281807853fe63b00ef1c912d7222143499aa82f18b8b472baa1830df8804746d09b55f6cf5b1cc
  languageName: node
  linkType: hard
